
Microsoft Visual Studio Solution File, Format Version 12.00
# Visual Studio Version 17
VisualStudioVersion = 17.4.33213.308
MinimumVisualStudioVersion = 10.0.40219.1
Project("{FAE04EC0-301F-11D3-BF4B-00C04F79EFBC}") = "Ejercicios-Sesion4", "Ejercicios-Sesion4.csproj", "{D004B531-6AB3-42F1-AA39-64648957F8ED}"
EndProject
Project("{FAE04EC0-301F-11D3-BF4B-00C04F79EFBC}") = "Ejercicio2", "..\Ejercicio2\Ejercicio2.csproj", "{439330C0-9C3F-4CE7-8E4E-FC26D1590D9A}"
EndProject
Project("{FAE04EC0-301F-11D3-BF4B-00C04F79EFBC}") = "Ejercicio3", "..\Ejercicio3\Ejercicio3.csproj", "{54201CF4-83B7-4751-A22E-3D4F65752A64}"
EndProject
Global
	GlobalSection(SolutionConfigurationPlatforms) = preSolution
		Debug|Any CPU = Debug|Any CPU
		Release|Any CPU = Release|Any CPU
	EndGlobalSection
	GlobalSection(ProjectConfigurationPlatforms) = postSolution
		{D004B531-6AB3-42F1-AA39-64648957F8ED}.Debug|Any CPU.ActiveCfg = Debug|Any CPU
		{D004B531-6AB3-42F1-AA39-64648957F8ED}.Debug|Any CPU.Build.0 = Debug|Any CPU
		{D004B531-6AB3-42F1-AA39-64648957F8ED}.Release|Any CPU.ActiveCfg = Release|Any CPU
		{D004B531-6AB3-42F1-AA39-64648957F8ED}.Release|Any CPU.Build.0 = Release|Any CPU
		{439330C0-9C3F-4CE7-8E4E-FC26D1590D9A}.Debug|Any CPU.ActiveCfg = Debug|Any CPU
		{439330C0-9C3F-4CE7-8E4E-FC26D1590D9A}.Debug|Any CPU.Build.0 = Debug|Any CPU
		{439330C0-9C3F-4CE7-8E4E-FC26D1590D9A}.Release|Any CPU.ActiveCfg = Release|Any CPU
		{439330C0-9C3F-4CE7-8E4E-FC26D1590D9A}.Release|Any CPU.Build.0 = Release|Any CPU
		{54201CF4-83B7-4751-A22E-3D4F65752A64}.Debug|Any CPU.ActiveCfg = Debug|Any CPU
		{54201CF4-83B7-4751-A22E-3D4F65752A64}.Debug|Any CPU.Build.0 = Debug|Any CPU
		{54201CF4-83B7-4751-A22E-3D4F65752A64}.Release|Any CPU.ActiveCfg = Release|Any CPU
		{54201CF4-83B7-4751-A22E-3D4F65752A64}.Release|Any CPU.Build.0 = Release|Any CPU
	EndGlobalSection
	GlobalSection(SolutionProperties) = preSolution
		HideSolutionNode = FALSE
	EndGlobalSection
	GlobalSection(ExtensibilityGlobals) = postSolution
		SolutionGuid = {146F7C06-6022-4BD0-88B7-B01C69108799}
	EndGlobalSection
EndGlobal
